
Microsoft Visual Studio Solution File, Format Version 12.00
# Visual Studio Version 17
VisualStudioVersion = 17.2.32630.192
MinimumVisualStudioVersion = 10.0.40219.1
Project("{FAE04EC0-301F-11D3-BF4B-00C04F79EFBC}") = "Inheritance.Vehicle.car", "Inheritance.Vehicle.car\Inheritance.Vehicle.car.csproj", "{37C4A0CC-BE55-4ABC-A330-8066F802BF1C}"
EndProject
Global
	GlobalSection(SolutionConfigurationPlatforms) = preSolution
		Debug|Any CPU = Debug|Any CPU
		Release|Any CPU = Release|Any CPU
	EndGlobalSection
	GlobalSection(ProjectConfigurationPlatforms) = postSolution
		{37C4A0CC-BE55-4ABC-A330-8066F802BF1C}.Debug|Any CPU.ActiveCfg = Debug|Any CPU
		{37C4A0CC-BE55-4ABC-A330-8066F802BF1C}.Debug|Any CPU.Build.0 = Debug|Any CPU
		{37C4A0CC-BE55-4ABC-A330-8066F802BF1C}.Release|Any CPU.ActiveCfg = Release|Any CPU
		{37C4A0CC-BE55-4ABC-A330-8066F802BF1C}.Release|Any CPU.Build.0 = Release|Any CPU
	EndGlobalSection
	GlobalSection(SolutionProperties) = preSolution
		HideSolutionNode = FALSE
	EndGlobalSection
	GlobalSection(ExtensibilityGlobals) = postSolution
		SolutionGuid = {28A223A7-77B7-4E1C-BE13-D81B6B8046C4}
	EndGlobalSection
EndGlobal
